// !$*UTF8*$!
{
	archiveVersion = 1;
	classes = {
	};
	objectVersion = 56;
	objects = {

/* Begin PBXBuildFile section */
		B38EFBBD2A85F48D00812875 /* OrdersTableViewController.swift in Sources */ = {isa = PBXBuildFile; fileRef = B38EFBBC2A85F48D00812875 /* OrdersTableViewController.swift */; };
		B38EFBBF2A85F53B00812875 /* AddOrderViewController.swift in Sources */ = {isa = PBXBuildFile; fileRef = B38EFBBE2A85F53B00812875 /* AddOrderViewController.swift */; };
		B38EFBC22A85FA2800812875 /* SnapKit in Frameworks */ = {isa = PBXBuildFile; productRef = B38EFBC12A85FA2800812875 /* SnapKit */; };
		B3A015232A8E04C200031470 /* CoffeeWebService.swift in Sources */ = {isa = PBXBuildFile; fileRef = B3A015222A8E04C200031470 /* CoffeeWebService.swift */; };
		EF7DBC132A49B937001595AC /* NewsListTableViewController.swift in Sources */ = {isa = PBXBuildFile; fileRef = EF7DBC122A49B937001595AC /* NewsListTableViewController.swift */; };
		EF7DBC152A49BAC0001595AC /* ArticleTableViewCell.swift in Sources */ = {isa = PBXBuildFile; fileRef = EF7DBC142A49BAC0001595AC /* ArticleTableViewCell.swift */; };
		EF7DBC172A49BBA8001595AC /* Article.swift in Sources */ = {isa = PBXBuildFile; fileRef = EF7DBC162A49BBA8001595AC /* Article.swift */; };
		EF7DBC192A49BBD8001595AC /* ArticleViewModel.swift in Sources */ = {isa = PBXBuildFile; fileRef = EF7DBC182A49BBD8001595AC /* ArticleViewModel.swift */; };
		EF7DBC1B2A49BE1D001595AC /* Webservice.swift in Sources */ = {isa = PBXBuildFile; fileRef = EF7DBC1A2A49BE1D001595AC /* Webservice.swift */; };
		EFACBB232A432CE80072CF9F /* AppDelegate.swift in Sources */ = {isa = PBXBuildFile; fileRef = EFACBB222A432CE80072CF9F /* AppDelegate.swift */; };
		EFACBB252A432CE80072CF9F /* SceneDelegate.swift in Sources */ = {isa = PBXBuildFile; fileRef = EFACBB242A432CE80072CF9F /* SceneDelegate.swift */; };
		EFACBB272A432CE80072CF9F /* ViewController.swift in Sources */ = {isa = PBXBuildFile; fileRef = EFACBB262A432CE80072CF9F /* ViewController.swift */; };
		EFACBB2A2A432CE80072CF9F /* Main.storyboard in Resources */ = {isa = PBXBuildFile; fileRef = EFACBB282A432CE80072CF9F /* Main.storyboard */; };
		EFACBB2C2A432CE90072CF9F /* Assets.xcassets in Resources */ = {isa = PBXBuildFile; fileRef = EFACBB2B2A432CE90072CF9F /* Assets.xcassets */; };
		EFACBB2F2A432CE90072CF9F /* LaunchScreen.storyboard in Resources */ = {isa = PBXBuildFile; fileRef = EFACBB2D2A432CE90072CF9F /* LaunchScreen.storyboard */; };
/* End PBXBuildFile section */

/* Begin PBXFileReference section */
		B38EFBBC2A85F48D00812875 /* OrdersTableViewController.swift */ = {isa = PBXFileReference; lastKnownFileType = sourcecode.swift; path = OrdersTableViewController.swift; sourceTree = "<group>"; };
		B38EFBBE2A85F53B00812875 /* AddOrderViewController.swift */ = {isa = PBXFileReference; lastKnownFileType = sourcecode.swift; path = AddOrderViewController.swift; sourceTree = "<group>"; };
		B3A015222A8E04C200031470 /* CoffeeWebService.swift */ = {isa = PBXFileReference; lastKnownFileType = sourcecode.swift; path = CoffeeWebService.swift; sourceTree = "<group>"; };
		EF7DBC122A49B937001595AC /* NewsListTableViewController.swift */ = {isa = PBXFileReference; lastKnownFileType = sourcecode.swift; path = NewsListTableViewController.swift; sourceTree = "<group>"; };
		EF7DBC142A49BAC0001595AC /* ArticleTableViewCell.swift */ = {isa = PBXFileReference; lastKnownFileType = sourcecode.swift; path = ArticleTableViewCell.swift; sourceTree = "<group>"; };
		EF7DBC162A49BBA8001595AC /* Article.swift */ = {isa = PBXFileReference; lastKnownFileType = sourcecode.swift; path = Article.swift; sourceTree = "<group>"; };
		EF7DBC182A49BBD8001595AC /* ArticleViewModel.swift */ = {isa = PBXFileReference; lastKnownFileType = sourcecode.swift; path = ArticleViewModel.swift; sourceTree = "<group>"; };
		EF7DBC1A2A49BE1D001595AC /* Webservice.swift */ = {isa = PBXFileReference; lastKnownFileType = sourcecode.swift; path = Webservice.swift; sourceTree = "<group>"; };
		EFACBB1F2A432CE80072CF9F /* MVVMPractice.app */ = {isa = PBXFileReference; explicitFileType = wrapper.application; includeInIndex = 0; path = MVVMPractice.app; sourceTree = BUILT_PRODUCTS_DIR; };
		EFACBB222A432CE80072CF9F /* AppDelegate.swift */ = {isa = PBXFileReference; lastKnownFileType = sourcecode.swift; path = AppDelegate.swift; sourceTree = "<group>"; };
		EFACBB242A432CE80072CF9F /* SceneDelegate.swift */ = {isa = PBXFileReference; lastKnownFileType = sourcecode.swift; path = SceneDelegate.swift; sourceTree = "<group>"; };
		EFACBB262A432CE80072CF9F /* ViewController.swift */ = {isa = PBXFileReference; lastKnownFileType = sourcecode.swift; path = ViewController.swift; sourceTree = "<group>"; };
		EFACBB292A432CE80072CF9F /* Base */ = {isa = PBXFileReference; lastKnownFileType = file.storyboard; name = Base; path = Base.lproj/Main.storyboard; sourceTree = "<group>"; };
		EFACBB2B2A432CE90072CF9F /* Assets.xcassets */ = {isa = PBXFileReference; lastKnownFileType = folder.assetcatalog; path = Assets.xcassets; sourceTree = "<group>"; };
		EFACBB2E2A432CE90072CF9F /* Base */ = {isa = PBXFileReference; lastKnownFileType = file.storyboard; name = Base; path = Base.lproj/LaunchScreen.storyboard; sourceTree = "<group>"; };
		EFACBB302A432CE90072CF9F /* Info.plist */ = {isa = PBXFileReference; lastKnownFileType = text.plist.xml; path = Info.plist; sourceTree = "<group>"; };
/* End PBXFileReference section */

/* Begin PBXFrameworksBuildPhase section */
		EFACBB1C2A432CE80072CF9F /* Frameworks */ = {
			isa = PBXFrameworksBuildPhase;
			buildActionMask = 2147483647;
			files = (
				B38EFBC22A85FA2800812875 /* SnapKit in Frameworks */,
			);
			runOnlyForDeploymentPostprocessing = 0;
		};
/* End PBXFrameworksBuildPhase section */

/* Begin PBXGroup section */
		B38EFBB92A85D1A200812875 /* HotCoffee */ = {
			isa = PBXGroup;
			children = (
				B3A015212A8E02A800031470 /* Services */,
				B38EFBBA2A85F38F00812875 /* Controllers */,
			);
			path = HotCoffee;
			sourceTree = "<group>";
		};
		B38EFBBA2A85F38F00812875 /* Controllers */ = {
			isa = PBXGroup;
			children = (
				B38EFBBC2A85F48D00812875 /* OrdersTableViewController.swift */,
				B38EFBBE2A85F53B00812875 /* AddOrderViewController.swift */,
			);
			path = Controllers;
			sourceTree = "<group>";
		};
		B3A015212A8E02A800031470 /* Services */ = {
			isa = PBXGroup;
			children = (
				B3A015222A8E04C200031470 /* CoffeeWebService.swift */,
			);
			path = Services;
			sourceTree = "<group>";
		};
		EF7DBC0B2A49B6C1001595AC /* GoodNews */ = {
			isa = PBXGroup;
			children = (
				EF7DBC112A49B8CC001595AC /* Model */,
				EF7DBC0E2A49B8AC001595AC /* ViewModel */,
				EF7DBC0C2A49B884001595AC /* Controller */,
				EF7DBC102A49B8BA001595AC /* Service */,
				EF7DBC0F2A49B8B5001595AC /* Cell */,
			);
			path = GoodNews;
			sourceTree = "<group>";
		};
		EF7DBC0C2A49B884001595AC /* Controller */ = {
			isa = PBXGroup;
			children = (
				EF7DBC122A49B937001595AC /* NewsListTableViewController.swift */,
			);
			path = Controller;
			sourceTree = "<group>";
		};
		EF7DBC0E2A49B8AC001595AC /* ViewModel */ = {
			isa = PBXGroup;
			children = (
				EF7DBC182A49BBD8001595AC /* ArticleViewModel.swift */,
			);
			path = ViewModel;
			sourceTree = "<group>";
		};
		EF7DBC0F2A49B8B5001595AC /* Cell */ = {
			isa = PBXGroup;
			children = (
				EF7DBC142A49BAC0001595AC /* ArticleTableViewCell.swift */,
			);
			path = Cell;
			sourceTree = "<group>";
		};
		EF7DBC102A49B8BA001595AC /* Service */ = {
			isa = PBXGroup;
			children = (
				EF7DBC1A2A49BE1D001595AC /* Webservice.swift */,
			);
			path = Service;
			sourceTree = "<group>";
		};
		EF7DBC112A49B8CC001595AC /* Model */ = {
			isa = PBXGroup;
			children = (
				EF7DBC162A49BBA8001595AC /* Article.swift */,
			);
			path = Model;
			sourceTree = "<group>";
		};
		EFACBB162A432CE80072CF9F = {
			isa = PBXGroup;
			children = (
				EFACBB212A432CE80072CF9F /* MVVMPractice */,
				EFACBB202A432CE80072CF9F /* Products */,
			);
			sourceTree = "<group>";
		};
		EFACBB202A432CE80072CF9F /* Products */ = {
			isa = PBXGroup;
			children = (
				EFACBB1F2A432CE80072CF9F /* MVVMPractice.app */,
			);
			name = Products;
			sourceTree = "<group>";
		};
		EFACBB212A432CE80072CF9F /* MVVMPractice */ = {
			isa = PBXGroup;
			children = (
				EFACBB222A432CE80072CF9F /* AppDelegate.swift */,
				EFACBB242A432CE80072CF9F /* SceneDelegate.swift */,
				EFACBB262A432CE80072CF9F /* ViewController.swift */,
				EFACBB282A432CE80072CF9F /* Main.storyboard */,
				EFACBB2B2A432CE90072CF9F /* Assets.xcassets */,
				EFACBB2D2A432CE90072CF9F /* LaunchScreen.storyboard */,
				EFACBB302A432CE90072CF9F /* Info.plist */,
				B38EFBB92A85D1A200812875 /* HotCoffee */,
				EF7DBC0B2A49B6C1001595AC /* GoodNews */,
			);
			path = MVVMPractice;
			sourceTree = "<group>";
		};
/* End PBXGroup section */

/* Begin PBXNativeTarget section */
		EFACBB1E2A432CE80072CF9F /* MVVMPractice */ = {
			isa = PBXNativeTarget;
			buildConfigurationList = EFACBB332A432CE90072CF9F /* Build configuration list for PBXNativeTarget "MVVMPractice" */;
			buildPhases = (
				EFACBB1B2A432CE80072CF9F /* Sources */,
				EFACBB1C2A432CE80072CF9F /* Frameworks */,
				EFACBB1D2A432CE80072CF9F /* Resources */,
			);
			buildRules = (
			);
			dependencies = (
			);
			name = MVVMPractice;
			packageProductDependencies = (
				B38EFBC12A85FA2800812875 /* SnapKit */,
			);
			productName = MVVMPractice;
			productReference = EFACBB1F2A432CE80072CF9F /* MVVMPractice.app */;
			productType = "com.apple.product-type.application";
		};
/* End PBXNativeTarget section */

/* Begin PBXProject section */
		EFACBB172A432CE80072CF9F /* Project object */ = {
			isa = PBXProject;
			attributes = {
				BuildIndependentTargetsInParallel = 1;
				LastSwiftUpdateCheck = 1400;
				LastUpgradeCheck = 1400;
				TargetAttributes = {
					EFACBB1E2A432CE80072CF9F = {
						CreatedOnToolsVersion = 14.0.1;
					};
				};
			};
			buildConfigurationList = EFACBB1A2A432CE80072CF9F /* Build configuration list for PBXProject "MVVMPractice" */;
			compatibilityVersion = "Xcode 14.0";
			developmentRegion = en;
			hasScannedForEncodings = 0;
			knownRegions = (
				en,
				Base,
			);
			mainGroup = EFACBB162A432CE80072CF9F;
			packageReferences = (
				B38EFBC02A85FA2800812875 /* XCRemoteSwiftPackageReference "SnapKit" */,
			);
			productRefGroup = EFACBB202A432CE80072CF9F /* Products */;
			projectDirPath = "";
			projectRoot = "";
			targets = (
				EFACBB1E2A432CE80072CF9F /* MVVMPractice */,
			);
		};
/* End PBXProject section */

/* Begin PBXResourcesBuildPhase section */
		EFACBB1D2A432CE80072CF9F /* Resources */ = {
			isa = PBXResourcesBuildPhase;
			buildActionMask = 2147483647;
			files = (
				EFACBB2F2A432CE90072CF9F /* LaunchScreen.storyboard in Resources */,
				EFACBB2C2A432CE90072CF9F /* Assets.xcassets in Resources */,
				EFACBB2A2A432CE80072CF9F /* Main.storyboard in Resources */,
			);
			runOnlyForDeploymentPostprocessing = 0;
		};
/* End PBXResourcesBuildPhase section */

/* Begin PBXSourcesBuildPhase section */
		EFACBB1B2A432CE80072CF9F /* Sources */ = {
			isa = PBXSourcesBuildPhase;
			buildActionMask = 2147483647;
			files = (
				EF7DBC152A49BAC0001595AC /* ArticleTableViewCell.swift in Sources */,
				EF7DBC132A49B937001595AC /* NewsListTableViewController.swift in Sources */,
				EF7DBC1B2A49BE1D001595AC /* Webservice.swift in Sources */,
				EF7DBC172A49BBA8001595AC /* Article.swift in Sources */,
				B3A015232A8E04C200031470 /* CoffeeWebService.swift in Sources */,
				EFACBB272A432CE80072CF9F /* ViewController.swift in Sources */,
				EFACBB232A432CE80072CF9F /* AppDelegate.swift in Sources */,
				EF7DBC192A49BBD8001595AC /* ArticleViewModel.swift in Sources */,
				B38EFBBF2A85F53B00812875 /* AddOrderViewController.swift in Sources */,
				EFACBB252A432CE80072CF9F /* SceneDelegate.swift in Sources */,
				B38EFBBD2A85F48D00812875 /* OrdersTableViewController.swift in Sources */,
			);
			runOnlyForDeploymentPostprocessing = 0;
		};
/* End PBXSourcesBuildPhase section */

/* Begin PBXVariantGroup section */
		EFACBB282A432CE80072CF9F /* Main.storyboard */ = {
			isa = PBXVariantGroup;
			children = (
				EFACBB292A432CE80072CF9F /* Base */,
			);
			name = Main.storyboard;
			sourceTree = "<group>";
		};
		EFACBB2D2A432CE90072CF9F /* LaunchScreen.storyboard */ = {
			isa = PBXVariantGroup;
			children = (
				EFACBB2E2A432CE90072CF9F /* Base */,
			);
			name = LaunchScreen.storyboard;
			sourceTree = "<group>";
		};
/* End PBXVariantGroup section */

/* Begin XCBuildConfiguration section */
		EFACBB312A432CE90072CF9F /* Debug */ = {
			isa = XCBuildConfiguration;
			buildSettings = {
				ALWAYS_SEARCH_USER_PATHS = NO;
				CLANG_ANALYZER_NONNULL = YES;
				CLANG_ANALYZER_NUMBER_OBJECT_CONVERSION = YES_AGGRESSIVE;
				CLANG_CXX_LANGUAGE_STANDARD = "gnu++20";
				CLANG_ENABLE_MODULES = YES;
				CLANG_ENABLE_OBJC_ARC = YES;
				CLANG_ENABLE_OBJC_WEAK = YES;
				CLANG_WARN_BLOCK_CAPTURE_AUTORELEASING = YES;
				CLANG_WARN_BOOL_CONVERSION = YES;
				CLANG_WARN_COMMA = YES;
				CLANG_WARN_CONSTANT_CONVERSION = YES;
				CLANG_WARN_DEPRECATED_OBJC_IMPLEMENTATIONS = YES;
				CLANG_WARN_DIRECT_OBJC_ISA_USAGE = YES_ERROR;
				CLANG_WARN_DOCUMENTATION_COMMENTS = YES;
				CLANG_WARN_EMPTY_BODY = YES;
				CLANG_WARN_ENUM_CONVERSION = YES;
				CLANG_WARN_INFINITE_RECURSION = YES;
				CLANG_WARN_INT_CONVERSION = YES;
				CLANG_WARN_NON_LITERAL_NULL_CONVERSION = YES;
				CLANG_WARN_OBJC_IMPLICIT_RETAIN_SELF = YES;
				CLANG_WARN_OBJC_LITERAL_CONVERSION = YES;
				CLANG_WARN_OBJC_ROOT_CLASS = YES_ERROR;
				CLANG_WARN_QUOTED_INCLUDE_IN_FRAMEWORK_HEADER = YES;
				CLANG_WARN_RANGE_LOOP_ANALYSIS = YES;
				CLANG_WARN_STRICT_PROTOTYPES = YES;
				CLANG_WARN_SUSPICIOUS_MOVE = YES;
				CLANG_WARN_UNGUARDED_AVAILABILITY = YES_AGGRESSIVE;
				CLANG_WARN_UNREACHABLE_CODE = YES;
				CLANG_WARN__DUPLICATE_METHOD_MATCH = YES;
				COPY_PHASE_STRIP = NO;
				DEBUG_INFORMATION_FORMAT = dwarf;
				ENABLE_STRICT_OBJC_MSGSEND = YES;
				ENABLE_TESTABILITY = YES;
				GCC_C_LANGUAGE_STANDARD = gnu11;
				GCC_DYNAMIC_NO_PIC = NO;
				GCC_NO_COMMON_BLOCKS = YES;
				GCC_OPTIMIZATION_LEVEL = 0;
				GCC_PREPROCESSOR_DEFINITIONS = (
					"DEBUG=1",
					"$(inherited)",
				);
				GCC_WARN_64_TO_32_BIT_CONVERSION = YES;
				GCC_WARN_ABOUT_RETURN_TYPE = YES_ERROR;
				GCC_WARN_UNDECLARED_SELECTOR = YES;
				GCC_WARN_UNINITIALIZED_AUTOS = YES_AGGRESSIVE;
				GCC_WARN_UNUSED_FUNCTION = YES;
				GCC_WARN_UNUSED_VARIABLE = YES;
				IPHONEOS_DEPLOYMENT_TARGET = 16.0;
				MTL_ENABLE_DEBUG_INFO = INCLUDE_SOURCE;
				MTL_FAST_MATH = YES;
				ONLY_ACTIVE_ARCH = YES;
				SDKROOT = iphoneos;
				SWIFT_ACTIVE_COMPILATION_CONDITIONS = DEBUG;
				SWIFT_OPTIMIZATION_LEVEL = "-Onone";
			};
			name = Debug;
		};
		EFACBB322A432CE90072CF9F /* Release */ = {
			isa = XCBuildConfiguration;
			buildSettings = {
				ALWAYS_SEARCH_USER_PATHS = NO;
				CLANG_ANALYZER_NONNULL = YES;
				CLANG_ANALYZER_NUMBER_OBJECT_CONVERSION = YES_AGGRESSIVE;
				CLANG_CXX_LANGUAGE_STANDARD = "gnu++20";
				CLANG_ENABLE_MODULES = YES;
				CLANG_ENABLE_OBJC_ARC = YES;
				CLANG_ENABLE_OBJC_WEAK = YES;
				CLANG_WARN_BLOCK_CAPTURE_AUTORELEASING = YES;
				CLANG_WARN_BOOL_CONVERSION = YES;
				CLANG_WARN_COMMA = YES;
				CLANG_WARN_CONSTANT_CONVERSION = YES;
				CLANG_WARN_DEPRECATED_OBJC_IMPLEMENTATIONS = YES;
				CLANG_WARN_DIRECT_OBJC_ISA_USAGE = YES_ERROR;
				CLANG_WARN_DOCUMENTATION_COMMENTS = YES;
				CLANG_WARN_EMPTY_BODY = YES;
				CLANG_WARN_ENUM_CONVERSION = YES;
				CLANG_WARN_INFINITE_RECURSION = YES;
				CLANG_WARN_INT_CONVERSION = YES;
				CLANG_WARN_NON_LITERAL_NULL_CONVERSION = YES;
				CLANG_WARN_OBJC_IMPLICIT_RETAIN_SELF = YES;
				CLANG_WARN_OBJC_LITERAL_CONVERSION = YES;
				CLANG_WARN_OBJC_ROOT_CLASS = YES_ERROR;
				CLANG_WARN_QUOTED_INCLUDE_IN_FRAMEWORK_HEADER = YES;
				CLANG_WARN_RANGE_LOOP_ANALYSIS = YES;
				CLANG_WARN_STRICT_PROTOTYPES = YES;
				CLANG_WARN_SUSPICIOUS_MOVE = YES;
				CLANG_WARN_UNGUARDED_AVAILABILITY = YES_AGGRESSIVE;
				CLANG_WARN_UNREACHABLE_CODE = YES;
				CLANG_WARN__DUPLICATE_METHOD_MATCH = YES;
				COPY_PHASE_STRIP = NO;
				DEBUG_INFORMATION_FORMAT = "dwarf-with-dsym";
				ENABLE_NS_ASSERTIONS = NO;
				ENABLE_STRICT_OBJC_MSGSEND = YES;
				GCC_C_LANGUAGE_STANDARD = gnu11;
				GCC_NO_COMMON_BLOCKS = YES;
				GCC_WARN_64_TO_32_BIT_CONVERSION = YES;
				GCC_WARN_ABOUT_RETURN_TYPE = YES_ERROR;
				GCC_WARN_UNDECLARED_SELECTOR = YES;
				GCC_WARN_UNINITIALIZED_AUTOS = YES_AGGRESSIVE;
				GCC_WARN_UNUSED_FUNCTION = YES;
				GCC_WARN_UNUSED_VARIABLE = YES;
				IPHONEOS_DEPLOYMENT_TARGET = 16.0;
				MTL_ENABLE_DEBUG_INFO = NO;
				MTL_FAST_MATH = YES;
				SDKROOT = iphoneos;
				SWIFT_COMPILATION_MODE = wholemodule;
				SWIFT_OPTIMIZATION_LEVEL = "-O";
				VALIDATE_PRODUCT = YES;
			};
			name = Release;
		};
		EFACBB342A432CE90072CF9F /* Debug */ = {
			isa = XCBuildConfiguration;
			buildSettings = {
				ASSETCATALOG_COMPILER_APPICON_NAME = AppIcon;
				ASSETCATALOG_COMPILER_GLOBAL_ACCENT_COLOR_NAME = AccentColor;
				CODE_SIGN_STYLE = Automatic;
				CURRENT_PROJECT_VERSION = 1;
				DEVELOPMENT_TEAM = 2DBARTRT37;
				GENERATE_INFOPLIST_FILE = YES;
				INFOPLIST_FILE = MVVMPractice/Info.plist;
				INFOPLIST_KEY_UIApplicationSupportsIndirectInputEvents = YES;
				INFOPLIST_KEY_UILaunchStoryboardName = LaunchScreen;
				INFOPLIST_KEY_UIMainStoryboardFile = Main;
				INFOPLIST_KEY_UISupportedInterfaceOrientations_iPad = "UIInterfaceOrientationPortrait UIInterfaceOrientationPortraitUpsideDown UIInterfaceOrientationLandscapeLeft UIInterfaceOrientationLandscapeRight";
				INFOPLIST_KEY_UISupportedInterfaceOrientations_iPhone = "UIInterfaceOrientationPortrait UIInterfaceOrientationLandscapeLeft UIInterfaceOrientationLandscapeRight";
				LD_RUNPATH_SEARCH_PATHS = (
					"$(inherited)",
					"@executable_path/Frameworks",
				);
				MARKETING_VERSION = 1.0;
				PRODUCT_BUNDLE_IDENTIFIER = com.wony.MVVMPractice;
				PRODUCT_NAME = "$(TARGET_NAME)";
				SWIFT_EMIT_LOC_STRINGS = YES;
				SWIFT_VERSION = 5.0;
				TARGETED_DEVICE_FAMILY = "1,2";
			};
			name = Debug;
		};
		EFACBB352A432CE90072CF9F /* Release */ = {
			isa = XCBuildConfiguration;
			buildSettings = {
				ASSETCATALOG_COMPILER_APPICON_NAME = AppIcon;
				ASSETCATALOG_COMPILER_GLOBAL_ACCENT_COLOR_NAME = AccentColor;
				CODE_SIGN_STYLE = Automatic;
				CURRENT_PROJECT_VERSION = 1;
				DEVELOPMENT_TEAM = 2DBARTRT37;
				GENERATE_INFOPLIST_FILE = YES;
				INFOPLIST_FILE = MVVMPractice/Info.plist;
				INFOPLIST_KEY_UIApplicationSupportsIndirectInputEvents = YES;
				INFOPLIST_KEY_UILaunchStoryboardName = LaunchScreen;
				INFOPLIST_KEY_UIMainStoryboardFile = Main;
				INFOPLIST_KEY_UISupportedInterfaceOrientations_iPad = "UIInterfaceOrientationPortrait UIInterfaceOrientationPortraitUpsideDown UIInterfaceOrientationLandscapeLeft UIInterfaceOrientationLandscapeRight";
				INFOPLIST_KEY_UISupportedInterfaceOrientations_iPhone = "UIInterfaceOrientationPortrait UIInterfaceOrientationLandscapeLeft UIInterfaceOrientationLandscapeRight";
				LD_RUNPATH_SEARCH_PATHS = (
					"$(inherited)",
					"@executable_path/Frameworks",
				);
				MARKETING_VERSION = 1.0;
				PRODUCT_BUNDLE_IDENTIFIER = com.wony.MVVMPractice;
				PRODUCT_NAME = "$(TARGET_NAME)";
				SWIFT_EMIT_LOC_STRINGS = YES;
				SWIFT_VERSION = 5.0;
				TARGETED_DEVICE_FAMILY = "1,2";
			};
			name = Release;
		};
/* End XCBuildConfiguration section */

/* Begin XCConfigurationList section */
		EFACBB1A2A432CE80072CF9F /* Build configuration list for PBXProject "MVVMPractice" */ = {
			isa = XCConfigurationList;
			buildConfigurations = (
				EFACBB312A432CE90072CF9F /* Debug */,
				EFACBB322A432CE90072CF9F /* Release */,
			);
			defaultConfigurationIsVisible = 0;
			defaultConfigurationName = Release;
		};
		EFACBB332A432CE90072CF9F /* Build configuration list for PBXNativeTarget "MVVMPractice" */ = {
			isa = XCConfigurationList;
			buildConfigurations = (
				EFACBB342A432CE90072CF9F /* Debug */,
				EFACBB352A432CE90072CF9F /* Release */,
			);
			defaultConfigurationIsVisible = 0;
			defaultConfigurationName = Release;
		};
/* End XCConfigurationList section */

/* Begin XCRemoteSwiftPackageReference section */
		B38EFBC02A85FA2800812875 /* XCRemoteSwiftPackageReference "SnapKit" */ = {
			isa = XCRemoteSwiftPackageReference;
			repositoryURL = "https://github.com/SnapKit/SnapKit.git";
			requirement = {
				kind = upToNextMajorVersion;
				minimumVersion = 5.0.0;
			};
		};
/* End XCRemoteSwiftPackageReference section */

/* Begin XCSwiftPackageProductDependency section */
		B38EFBC12A85FA2800812875 /* SnapKit */ = {
			isa = XCSwiftPackageProductDependency;
			package = B38EFBC02A85FA2800812875 /* XCRemoteSwiftPackageReference "SnapKit" */;
			productName = SnapKit;
		};
/* End XCSwiftPackageProductDependency section */
	};
	rootObject = EFACBB172A432CE80072CF9F /* Project object */;
}
